// !$*UTF8*$!
{
	archiveVersion = 1;
	classes = {
	};
	objectVersion = 56;
	objects = {

/* Begin PBXBuildFile section */
		6B0F392A2BCD1CC5000019AB /* ChooseBASDAIView.swift in Sources */ = {isa = PBXBuildFile; fileRef = 6B0F39292BCD1CC5000019AB /* ChooseBASDAIView.swift */; };
		6B3251A62BCAB74A00CA9709 /* ForSharing.swift in Sources */ = {isa = PBXBuildFile; fileRef = 6B3251A52BCAB74A00CA9709 /* ForSharing.swift */; };
		6B3251A82BCCF5A800CA9709 /* DesignModel.swift in Sources */ = {isa = PBXBuildFile; fileRef = 6B3251A72BCCF5A800CA9709 /* DesignModel.swift */; };
		6B3251AA2BCCF95800CA9709 /* CalendarCellRecordsView.swift in Sources */ = {isa = PBXBuildFile; fileRef = 6B3251A92BCCF95800CA9709 /* CalendarCellRecordsView.swift */; };
		6B3251AC2BCCFDAD00CA9709 /* RecordsModel.swift in Sources */ = {isa = PBXBuildFile; fileRef = 6B3251AB2BCCFDAD00CA9709 /* RecordsModel.swift */; };
		6B3251AE2BCD08E300CA9709 /* RecordSymptomsScreen.swift in Sources */ = {isa = PBXBuildFile; fileRef = 6B3251AD2BCD08E300CA9709 /* RecordSymptomsScreen.swift */; };
		6B3251B02BCD0B2300CA9709 /* PainAreasView.swift in Sources */ = {isa = PBXBuildFile; fileRef = 6B3251AF2BCD0B2300CA9709 /* PainAreasView.swift */; };
		6B61C56E2BCF4BC500384863 /* AustinView.swift in Sources */ = {isa = PBXBuildFile; fileRef = 6B61C56D2BCF4BC500384863 /* AustinView.swift */; };
		6BAE41B92BC91B6F0027C1DB /* RaphaApp.swift in Sources */ = {isa = PBXBuildFile; fileRef = 6BAE41B82BC91B6F0027C1DB /* RaphaApp.swift */; };
		6BAE41BB2BC91B6F0027C1DB /* ContentView.swift in Sources */ = {isa = PBXBuildFile; fileRef = 6BAE41BA2BC91B6F0027C1DB /* ContentView.swift */; };
		6BAE41BF2BC91B700027C1DB /* Assets.xcassets in Resources */ = {isa = PBXBuildFile; fileRef = 6BAE41BE2BC91B700027C1DB /* Assets.xcassets */; };
		6BAE41C22BC91B700027C1DB /* Preview Assets.xcassets in Resources */ = {isa = PBXBuildFile; fileRef = 6BAE41C12BC91B700027C1DB /* Preview Assets.xcassets */; };
		6BAE41CC2BC91B710027C1DB /* RaphaTests.swift in Sources */ = {isa = PBXBuildFile; fileRef = 6BAE41CB2BC91B710027C1DB /* RaphaTests.swift */; };
		6BAE41D62BC91B710027C1DB /* RaphaUITests.swift in Sources */ = {isa = PBXBuildFile; fileRef = 6BAE41D52BC91B710027C1DB /* RaphaUITests.swift */; };
		6BAE41D82BC91B710027C1DB /* RaphaUITestsLaunchTests.swift in Sources */ = {isa = PBXBuildFile; fileRef = 6BAE41D72BC91B710027C1DB /* RaphaUITestsLaunchTests.swift */; };
		6BAE41E62BC91C5A0027C1DB /* DataModel.swift in Sources */ = {isa = PBXBuildFile; fileRef = 6BAE41E52BC91C5A0027C1DB /* DataModel.swift */; };
		6BAE41EA2BC91F2B0027C1DB /* CalendarScreen.swift in Sources */ = {isa = PBXBuildFile; fileRef = 6BAE41E92BC91F2B0027C1DB /* CalendarScreen.swift */; };
		6BAE41EC2BC922670027C1DB /* CalendarViewModel.swift in Sources */ = {isa = PBXBuildFile; fileRef = 6BAE41EB2BC922670027C1DB /* CalendarViewModel.swift */; };
		6BAE41EF2BC963A00027C1DB /* DateExtensions.swift in Sources */ = {isa = PBXBuildFile; fileRef = 6BAE41EE2BC963A00027C1DB /* DateExtensions.swift */; };
		6BAE41F12BC97BA90027C1DB /* RecordCategoryCellView.swift in Sources */ = {isa = PBXBuildFile; fileRef = 6BAE41F02BC97BA90027C1DB /* RecordCategoryCellView.swift */; };
/* End PBXBuildFile section */

/* Begin PBXContainerItemProxy section */
		6BAE41C82BC91B710027C1DB /* PBXContainerItemProxy */ = {
			isa = PBXContainerItemProxy;
			containerPortal = 6BAE41AD2BC91B6F0027C1DB /* Project object */;
			proxyType = 1;
			remoteGlobalIDString = 6BAE41B42BC91B6F0027C1DB;
			remoteInfo = Rapha;
		};
		6BAE41D22BC91B710027C1DB /* PBXContainerItemProxy */ = {
			isa = PBXContainerItemProxy;
			containerPortal = 6BAE41AD2BC91B6F0027C1DB /* Project object */;
			proxyType = 1;
			remoteGlobalIDString = 6BAE41B42BC91B6F0027C1DB;
			remoteInfo = Rapha;
		};
/* End PBXContainerItemProxy section */

/* Begin PBXFileReference section */
		6B0F39292BCD1CC5000019AB /* ChooseBASDAIView.swift */ = {isa = PBXFileReference; lastKnownFileType = sourcecode.swift; path = ChooseBASDAIView.swift; sourceTree = "<group>"; };
		6B3251A52BCAB74A00CA9709 /* ForSharing.swift */ = {isa = PBXFileReference; lastKnownFileType = sourcecode.swift; path = ForSharing.swift; sourceTree = "<group>"; };
		6B3251A72BCCF5A800CA9709 /* DesignModel.swift */ = {isa = PBXFileReference; lastKnownFileType = sourcecode.swift; path = DesignModel.swift; sourceTree = "<group>"; };
		6B3251A92BCCF95800CA9709 /* CalendarCellRecordsView.swift */ = {isa = PBXFileReference; lastKnownFileType = sourcecode.swift; path = CalendarCellRecordsView.swift; sourceTree = "<group>"; };
		6B3251AB2BCCFDAD00CA9709 /* RecordsModel.swift */ = {isa = PBXFileReference; lastKnownFileType = sourcecode.swift; path = RecordsModel.swift; sourceTree = "<group>"; };
		6B3251AD2BCD08E300CA9709 /* RecordSymptomsScreen.swift */ = {isa = PBXFileReference; lastKnownFileType = sourcecode.swift; path = RecordSymptomsScreen.swift; sourceTree = "<group>"; };
		6B3251AF2BCD0B2300CA9709 /* PainAreasView.swift */ = {isa = PBXFileReference; lastKnownFileType = sourcecode.swift; path = PainAreasView.swift; sourceTree = "<group>"; };
		6B61C56D2BCF4BC500384863 /* AustinView.swift */ = {isa = PBXFileReference; lastKnownFileType = sourcecode.swift; path = AustinView.swift; sourceTree = "<group>"; };
		6BAE41B52BC91B6F0027C1DB /* Rapha.app */ = {isa = PBXFileReference; explicitFileType = wrapper.application; includeInIndex = 0; path = Rapha.app; sourceTree = BUILT_PRODUCTS_DIR; };
		6BAE41B82BC91B6F0027C1DB /* RaphaApp.swift */ = {isa = PBXFileReference; lastKnownFileType = sourcecode.swift; path = RaphaApp.swift; sourceTree = "<group>"; };
		6BAE41BA2BC91B6F0027C1DB /* ContentView.swift */ = {isa = PBXFileReference; lastKnownFileType = sourcecode.swift; path = ContentView.swift; sourceTree = "<group>"; };
		6BAE41BE2BC91B700027C1DB /* Assets.xcassets */ = {isa = PBXFileReference; lastKnownFileType = folder.assetcatalog; path = Assets.xcassets; sourceTree = "<group>"; };
		6BAE41C12BC91B700027C1DB /* Preview Assets.xcassets */ = {isa = PBXFileReference; lastKnownFileType = folder.assetcatalog; path = "Preview Assets.xcassets"; sourceTree = "<group>"; };
		6BAE41C72BC91B710027C1DB /* RaphaTests.xctest */ = {isa = PBXFileReference; explicitFileType = wrapper.cfbundle; includeInIndex = 0; path = RaphaTests.xctest; sourceTree = BUILT_PRODUCTS_DIR; };
		6BAE41CB2BC91B710027C1DB /* RaphaTests.swift */ = {isa = PBXFileReference; lastKnownFileType = sourcecode.swift; path = RaphaTests.swift; sourceTree = "<group>"; };
		6BAE41D12BC91B710027C1DB /* RaphaUITests.xctest */ = {isa = PBXFileReference; explicitFileType = wrapper.cfbundle; includeInIndex = 0; path = RaphaUITests.xctest; sourceTree = BUILT_PRODUCTS_DIR; };
		6BAE41D52BC91B710027C1DB /* RaphaUITests.swift */ = {isa = PBXFileReference; lastKnownFileType = sourcecode.swift; path = RaphaUITests.swift; sourceTree = "<group>"; };
		6BAE41D72BC91B710027C1DB /* RaphaUITestsLaunchTests.swift */ = {isa = PBXFileReference; lastKnownFileType = sourcecode.swift; path = RaphaUITestsLaunchTests.swift; sourceTree = "<group>"; };
		6BAE41E52BC91C5A0027C1DB /* DataModel.swift */ = {isa = PBXFileReference; lastKnownFileType = sourcecode.swift; path = DataModel.swift; sourceTree = "<group>"; };
		6BAE41E92BC91F2B0027C1DB /* CalendarScreen.swift */ = {isa = PBXFileReference; lastKnownFileType = sourcecode.swift; path = CalendarScreen.swift; sourceTree = "<group>"; };
		6BAE41EB2BC922670027C1DB /* CalendarViewModel.swift */ = {isa = PBXFileReference; lastKnownFileType = sourcecode.swift; path = CalendarViewModel.swift; sourceTree = "<group>"; };
		6BAE41EE2BC963A00027C1DB /* DateExtensions.swift */ = {isa = PBXFileReference; lastKnownFileType = sourcecode.swift; path = DateExtensions.swift; sourceTree = "<group>"; };
		6BAE41F02BC97BA90027C1DB /* RecordCategoryCellView.swift */ = {isa = PBXFileReference; lastKnownFileType = sourcecode.swift; path = RecordCategoryCellView.swift; sourceTree = "<group>"; };
/* End PBXFileReference section */

/* Begin PBXFrameworksBuildPhase section */
		6BAE41B22BC91B6F0027C1DB /* Frameworks */ = {
			isa = PBXFrameworksBuildPhase;
			buildActionMask = 2147483647;
			files = (
			);
			runOnlyForDeploymentPostprocessing = 0;
		};
		6BAE41C42BC91B710027C1DB /* Frameworks */ = {
			isa = PBXFrameworksBuildPhase;
			buildActionMask = 2147483647;
			files = (
			);
			runOnlyForDeploymentPostprocessing = 0;
		};
		6BAE41CE2BC91B710027C1DB /* Frameworks */ = {
			isa = PBXFrameworksBuildPhase;
			buildActionMask = 2147483647;
			files = (
			);
			runOnlyForDeploymentPostprocessing = 0;
		};
/* End PBXFrameworksBuildPhase section */

/* Begin PBXGroup section */
		6BAE41AC2BC91B6F0027C1DB = {
			isa = PBXGroup;
			children = (
				6BAE41B72BC91B6F0027C1DB /* Rapha */,
				6BAE41CA2BC91B710027C1DB /* RaphaTests */,
				6BAE41D42BC91B710027C1DB /* RaphaUITests */,
				6BAE41B62BC91B6F0027C1DB /* Products */,
			);
			sourceTree = "<group>";
		};
		6BAE41B62BC91B6F0027C1DB /* Products */ = {
			isa = PBXGroup;
			children = (
				6BAE41B52BC91B6F0027C1DB /* Rapha.app */,
				6BAE41C72BC91B710027C1DB /* RaphaTests.xctest */,
				6BAE41D12BC91B710027C1DB /* RaphaUITests.xctest */,
			);
			name = Products;
			sourceTree = "<group>";
		};
		6BAE41B72BC91B6F0027C1DB /* Rapha */ = {
			isa = PBXGroup;
			children = (
				6BAE41ED2BC963910027C1DB /* Extensions */,
				6BAE41E82BC91E8E0027C1DB /* View */,
				6BAE41E72BC91E810027C1DB /* ViewModel */,
				6BAE41B82BC91B6F0027C1DB /* RaphaApp.swift */,
				6BAE41E42BC91B9A0027C1DB /* Model */,
				6BAE41BE2BC91B700027C1DB /* Assets.xcassets */,
				6BAE41C02BC91B700027C1DB /* Preview Content */,
			);
			path = Rapha;
			sourceTree = "<group>";
		};
		6BAE41C02BC91B700027C1DB /* Preview Content */ = {
			isa = PBXGroup;
			children = (
				6BAE41C12BC91B700027C1DB /* Preview Assets.xcassets */,
			);
			path = "Preview Content";
			sourceTree = "<group>";
		};
		6BAE41CA2BC91B710027C1DB /* RaphaTests */ = {
			isa = PBXGroup;
			children = (
				6BAE41CB2BC91B710027C1DB /* RaphaTests.swift */,
			);
			path = RaphaTests;
			sourceTree = "<group>";
		};
		6BAE41D42BC91B710027C1DB /* RaphaUITests */ = {
			isa = PBXGroup;
			children = (
				6BAE41D52BC91B710027C1DB /* RaphaUITests.swift */,
				6BAE41D72BC91B710027C1DB /* RaphaUITestsLaunchTests.swift */,
			);
			path = RaphaUITests;
			sourceTree = "<group>";
		};
		6BAE41E42BC91B9A0027C1DB /* Model */ = {
			isa = PBXGroup;
			children = (
				6BAE41E52BC91C5A0027C1DB /* DataModel.swift */,
				6B3251A72BCCF5A800CA9709 /* DesignModel.swift */,
				6B3251AB2BCCFDAD00CA9709 /* RecordsModel.swift */,
			);
			path = Model;
			sourceTree = "<group>";
		};
		6BAE41E72BC91E810027C1DB /* ViewModel */ = {
			isa = PBXGroup;
			children = (
				6BAE41EB2BC922670027C1DB /* CalendarViewModel.swift */,
				6B3251A52BCAB74A00CA9709 /* ForSharing.swift */,
				6B61C56D2BCF4BC500384863 /* AustinView.swift */,
			);
			path = ViewModel;
			sourceTree = "<group>";
		};
		6BAE41E82BC91E8E0027C1DB /* View */ = {
			isa = PBXGroup;
			children = (
				6BAE41BA2BC91B6F0027C1DB /* ContentView.swift */,
				6BAE41E92BC91F2B0027C1DB /* CalendarScreen.swift */,
				6BAE41F02BC97BA90027C1DB /* RecordCategoryCellView.swift */,
				6B3251A92BCCF95800CA9709 /* CalendarCellRecordsView.swift */,
				6B3251AD2BCD08E300CA9709 /* RecordSymptomsScreen.swift */,
				6B3251AF2BCD0B2300CA9709 /* PainAreasView.swift */,
				6B0F39292BCD1CC5000019AB /* ChooseBASDAIView.swift */,
			);
			path = View;
			sourceTree = "<group>";
		};
		6BAE41ED2BC963910027C1DB /* Extensions */ = {
			isa = PBXGroup;
			children = (
				6BAE41EE2BC963A00027C1DB /* DateExtensions.swift */,
			);
			path = Extensions;
			sourceTree = "<group>";
		};
/* End PBXGroup section */

/* Begin PBXNativeTarget section */
		6BAE41B42BC91B6F0027C1DB /* Rapha */ = {
			isa = PBXNativeTarget;
			buildConfigurationList = 6BAE41DB2BC91B710027C1DB /* Build configuration list for PBXNativeTarget "Rapha" */;
			buildPhases = (
				6BAE41B12BC91B6F0027C1DB /* Sources */,
				6BAE41B22BC91B6F0027C1DB /* Frameworks */,
				6BAE41B32BC91B6F0027C1DB /* Resources */,
			);
			buildRules = (
			);
			dependencies = (
			);
			name = Rapha;
			productName = Rapha;
			productReference = 6BAE41B52BC91B6F0027C1DB /* Rapha.app */;
			productType = "com.apple.product-type.application";
		};
		6BAE41C62BC91B710027C1DB /* RaphaTests */ = {
			isa = PBXNativeTarget;
			buildConfigurationList = 6BAE41DE2BC91B710027C1DB /* Build configuration list for PBXNativeTarget "RaphaTests" */;
			buildPhases = (
				6BAE41C32BC91B710027C1DB /* Sources */,
				6BAE41C42BC91B710027C1DB /* Frameworks */,
				6BAE41C52BC91B710027C1DB /* Resources */,
			);
			buildRules = (
			);
			dependencies = (
				6BAE41C92BC91B710027C1DB /* PBXTargetDependency */,
			);
			name = RaphaTests;
			productName = RaphaTests;
			productReference = 6BAE41C72BC91B710027C1DB /* RaphaTests.xctest */;
			productType = "com.apple.product-type.bundle.unit-test";
		};
		6BAE41D02BC91B710027C1DB /* RaphaUITests */ = {
			isa = PBXNativeTarget;
			buildConfigurationList = 6BAE41E12BC91B710027C1DB /* Build configuration list for PBXNativeTarget "RaphaUITests" */;
			buildPhases = (
				6BAE41CD2BC91B710027C1DB /* Sources */,
				6BAE41CE2BC91B710027C1DB /* Frameworks */,
				6BAE41CF2BC91B710027C1DB /* Resources */,
			);
			buildRules = (
			);
			dependencies = (
				6BAE41D32BC91B710027C1DB /* PBXTargetDependency */,
			);
			name = RaphaUITests;
			productName = RaphaUITests;
			productReference = 6BAE41D12BC91B710027C1DB /* RaphaUITests.xctest */;
			productType = "com.apple.product-type.bundle.ui-testing";
		};
/* End PBXNativeTarget section */

/* Begin PBXProject section */
		6BAE41AD2BC91B6F0027C1DB /* Project object */ = {
			isa = PBXProject;
			attributes = {
				BuildIndependentTargetsInParallel = 1;
				LastSwiftUpdateCheck = 1530;
				LastUpgradeCheck = 1530;
				TargetAttributes = {
					6BAE41B42BC91B6F0027C1DB = {
						CreatedOnToolsVersion = 15.3;
					};
					6BAE41C62BC91B710027C1DB = {
						CreatedOnToolsVersion = 15.3;
						TestTargetID = 6BAE41B42BC91B6F0027C1DB;
					};
					6BAE41D02BC91B710027C1DB = {
						CreatedOnToolsVersion = 15.3;
						TestTargetID = 6BAE41B42BC91B6F0027C1DB;
					};
				};
			};
			buildConfigurationList = 6BAE41B02BC91B6F0027C1DB /* Build configuration list for PBXProject "Rapha" */;
			compatibilityVersion = "Xcode 14.0";
			developmentRegion = en;
			hasScannedForEncodings = 0;
			knownRegions = (
				en,
				Base,
			);
			mainGroup = 6BAE41AC2BC91B6F0027C1DB;
			productRefGroup = 6BAE41B62BC91B6F0027C1DB /* Products */;
			projectDirPath = "";
			projectRoot = "";
			targets = (
				6BAE41B42BC91B6F0027C1DB /* Rapha */,
				6BAE41C62BC91B710027C1DB /* RaphaTests */,
				6BAE41D02BC91B710027C1DB /* RaphaUITests */,
			);
		};
/* End PBXProject section */

/* Begin PBXResourcesBuildPhase section */
		6BAE41B32BC91B6F0027C1DB /* Resources */ = {
			isa = PBXResourcesBuildPhase;
			buildActionMask = 2147483647;
			files = (
				6BAE41C22BC91B700027C1DB /* Preview Assets.xcassets in Resources */,
				6BAE41BF2BC91B700027C1DB /* Assets.xcassets in Resources */,
			);
			runOnlyForDeploymentPostprocessing = 0;
		};
		6BAE41C52BC91B710027C1DB /* Resources */ = {
			isa = PBXResourcesBuildPhase;
			buildActionMask = 2147483647;
			files = (
			);
			runOnlyForDeploymentPostprocessing = 0;
		};
		6BAE41CF2BC91B710027C1DB /* Resources */ = {
			isa = PBXResourcesBuildPhase;
			buildActionMask = 2147483647;
			files = (
			);
			runOnlyForDeploymentPostprocessing = 0;
		};
/* End PBXResourcesBuildPhase section */

/* Begin PBXSourcesBuildPhase section */
		6BAE41B12BC91B6F0027C1DB /* Sources */ = {
			isa = PBXSourcesBuildPhase;
			buildActionMask = 2147483647;
			files = (
				6B3251AC2BCCFDAD00CA9709 /* RecordsModel.swift in Sources */,
				6B3251B02BCD0B2300CA9709 /* PainAreasView.swift in Sources */,
				6BAE41EC2BC922670027C1DB /* CalendarViewModel.swift in Sources */,
				6BAE41BB2BC91B6F0027C1DB /* ContentView.swift in Sources */,
				6B3251A82BCCF5A800CA9709 /* DesignModel.swift in Sources */,
				6BAE41EA2BC91F2B0027C1DB /* CalendarScreen.swift in Sources */,
				6BAE41B92BC91B6F0027C1DB /* RaphaApp.swift in Sources */,
				6BAE41E62BC91C5A0027C1DB /* DataModel.swift in Sources */,
				6BAE41F12BC97BA90027C1DB /* RecordCategoryCellView.swift in Sources */,
				6B3251AE2BCD08E300CA9709 /* RecordSymptomsScreen.swift in Sources */,
				6B61C56E2BCF4BC500384863 /* AustinView.swift in Sources */,
				6B3251A62BCAB74A00CA9709 /* ForSharing.swift in Sources */,
				6BAE41EF2BC963A00027C1DB /* DateExtensions.swift in Sources */,
				6B3251AA2BCCF95800CA9709 /* CalendarCellRecordsView.swift in Sources */,
				6B0F392A2BCD1CC5000019AB /* ChooseBASDAIView.swift in Sources */,
			);
			runOnlyForDeploymentPostprocessing = 0;
		};
		6BAE41C32BC91B710027C1DB /* Sources */ = {
			isa = PBXSourcesBuildPhase;
			buildActionMask = 2147483647;
			files = (
				6BAE41CC2BC91B710027C1DB /* RaphaTests.swift in Sources */,
			);
			runOnlyForDeploymentPostprocessing = 0;
		};
		6BAE41CD2BC91B710027C1DB /* Sources */ = {
			isa = PBXSourcesBuildPhase;
			buildActionMask = 2147483647;
			files = (
				6BAE41D62BC91B710027C1DB /* RaphaUITests.swift in Sources */,
				6BAE41D82BC91B710027C1DB /* RaphaUITestsLaunchTests.swift in Sources */,
			);
			runOnlyForDeploymentPostprocessing = 0;
		};
/* End PBXSourcesBuildPhase section */

/* Begin PBXTargetDependency section */
		6BAE41C92BC91B710027C1DB /* PBXTargetDependency */ = {
			isa = PBXTargetDependency;
			target = 6BAE41B42BC91B6F0027C1DB /* Rapha */;
			targetProxy = 6BAE41C82BC91B710027C1DB /* PBXContainerItemProxy */;
		};
		6BAE41D32BC91B710027C1DB /* PBXTargetDependency */ = {
			isa = PBXTargetDependency;
			target = 6BAE41B42BC91B6F0027C1DB /* Rapha */;
			targetProxy = 6BAE41D22BC91B710027C1DB /* PBXContainerItemProxy */;
		};
/* End PBXTargetDependency section */

/* Begin XCBuildConfiguration section */
		6BAE41D92BC91B710027C1DB /* Debug */ = {
			isa = XCBuildConfiguration;
			buildSettings = {
				ALWAYS_SEARCH_USER_PATHS = NO;
				ASSETCATALOG_COMPILER_GENERATE_SWIFT_ASSET_SYMBOL_EXTENSIONS = YES;
				CLANG_ANALYZER_NONNULL = YES;
				CLANG_ANALYZER_NUMBER_OBJECT_CONVERSION = YES_AGGRESSIVE;
				CLANG_CXX_LANGUAGE_STANDARD = "gnu++20";
				CLANG_ENABLE_MODULES = YES;
				CLANG_ENABLE_OBJC_ARC = YES;
				CLANG_ENABLE_OBJC_WEAK = YES;
				CLANG_WARN_BLOCK_CAPTURE_AUTORELEASING = YES;
				CLANG_WARN_BOOL_CONVERSION = YES;
				CLANG_WARN_COMMA = YES;
				CLANG_WARN_CONSTANT_CONVERSION = YES;
				CLANG_WARN_DEPRECATED_OBJC_IMPLEMENTATIONS = YES;
				CLANG_WARN_DIRECT_OBJC_ISA_USAGE = YES_ERROR;
				CLANG_WARN_DOCUMENTATION_COMMENTS = YES;
				CLANG_WARN_EMPTY_BODY = YES;
				CLANG_WARN_ENUM_CONVERSION = YES;
				CLANG_WARN_INFINITE_RECURSION = YES;
				CLANG_WARN_INT_CONVERSION = YES;
				CLANG_WARN_NON_LITERAL_NULL_CONVERSION = YES;
				CLANG_WARN_OBJC_IMPLICIT_RETAIN_SELF = YES;
				CLANG_WARN_OBJC_LITERAL_CONVERSION = YES;
				CLANG_WARN_OBJC_ROOT_CLASS = YES_ERROR;
				CLANG_WARN_QUOTED_INCLUDE_IN_FRAMEWORK_HEADER = YES;
				CLANG_WARN_RANGE_LOOP_ANALYSIS = YES;
				CLANG_WARN_STRICT_PROTOTYPES = YES;
				CLANG_WARN_SUSPICIOUS_MOVE = YES;
				CLANG_WARN_UNGUARDED_AVAILABILITY = YES_AGGRESSIVE;
				CLANG_WARN_UNREACHABLE_CODE = YES;
				CLANG_WARN__DUPLICATE_METHOD_MATCH = YES;
				COPY_PHASE_STRIP = NO;
				DEBUG_INFORMATION_FORMAT = dwarf;
				ENABLE_STRICT_OBJC_MSGSEND = YES;
				ENABLE_TESTABILITY = YES;
				ENABLE_USER_SCRIPT_SANDBOXING = YES;
				GCC_C_LANGUAGE_STANDARD = gnu17;
				GCC_DYNAMIC_NO_PIC = NO;
				GCC_NO_COMMON_BLOCKS = YES;
				GCC_OPTIMIZATION_LEVEL = 0;
				GCC_PREPROCESSOR_DEFINITIONS = (
					"DEBUG=1",
					"$(inherited)",
				);
				GCC_WARN_64_TO_32_BIT_CONVERSION = YES;
				GCC_WARN_ABOUT_RETURN_TYPE = YES_ERROR;
				GCC_WARN_UNDECLARED_SELECTOR = YES;
				GCC_WARN_UNINITIALIZED_AUTOS = YES_AGGRESSIVE;
				GCC_WARN_UNUSED_FUNCTION = YES;
				GCC_WARN_UNUSED_VARIABLE = YES;
				IPHONEOS_DEPLOYMENT_TARGET = 17.4;
				LOCALIZATION_PREFERS_STRING_CATALOGS = YES;
				MTL_ENABLE_DEBUG_INFO = INCLUDE_SOURCE;
				MTL_FAST_MATH = YES;
				ONLY_ACTIVE_ARCH = YES;
				SDKROOT = iphoneos;
				SWIFT_ACTIVE_COMPILATION_CONDITIONS = "DEBUG $(inherited)";
				SWIFT_OPTIMIZATION_LEVEL = "-Onone";
			};
			name = Debug;
		};
		6BAE41DA2BC91B710027C1DB /* Release */ = {
			isa = XCBuildConfiguration;
			buildSettings = {
				ALWAYS_SEARCH_USER_PATHS = NO;
				ASSETCATALOG_COMPILER_GENERATE_SWIFT_ASSET_SYMBOL_EXTENSIONS = YES;
				CLANG_ANALYZER_NONNULL = YES;
				CLANG_ANALYZER_NUMBER_OBJECT_CONVERSION = YES_AGGRESSIVE;
				CLANG_CXX_LANGUAGE_STANDARD = "gnu++20";
				CLANG_ENABLE_MODULES = YES;
				CLANG_ENABLE_OBJC_ARC = YES;
				CLANG_ENABLE_OBJC_WEAK = YES;
				CLANG_WARN_BLOCK_CAPTURE_AUTORELEASING = YES;
				CLANG_WARN_BOOL_CONVERSION = YES;
				CLANG_WARN_COMMA = YES;
				CLANG_WARN_CONSTANT_CONVERSION = YES;
				CLANG_WARN_DEPRECATED_OBJC_IMPLEMENTATIONS = YES;
				CLANG_WARN_DIRECT_OBJC_ISA_USAGE = YES_ERROR;
				CLANG_WARN_DOCUMENTATION_COMMENTS = YES;
				CLANG_WARN_EMPTY_BODY = YES;
				CLANG_WARN_ENUM_CONVERSION = YES;
				CLANG_WARN_INFINITE_RECURSION = YES;
				CLANG_WARN_INT_CONVERSION = YES;
				CLANG_WARN_NON_LITERAL_NULL_CONVERSION = YES;
				CLANG_WARN_OBJC_IMPLICIT_RETAIN_SELF = YES;
				CLANG_WARN_OBJC_LITERAL_CONVERSION = YES;
				CLANG_WARN_OBJC_ROOT_CLASS = YES_ERROR;
				CLANG_WARN_QUOTED_INCLUDE_IN_FRAMEWORK_HEADER = YES;
				CLANG_WARN_RANGE_LOOP_ANALYSIS = YES;
				CLANG_WARN_STRICT_PROTOTYPES = YES;
				CLANG_WARN_SUSPICIOUS_MOVE = YES;
				CLANG_WARN_UNGUARDED_AVAILABILITY = YES_AGGRESSIVE;
				CLANG_WARN_UNREACHABLE_CODE = YES;
				CLANG_WARN__DUPLICATE_METHOD_MATCH = YES;
				COPY_PHASE_STRIP = NO;
				DEBUG_INFORMATION_FORMAT = "dwarf-with-dsym";
				ENABLE_NS_ASSERTIONS = NO;
				ENABLE_STRICT_OBJC_MSGSEND = YES;
				ENABLE_USER_SCRIPT_SANDBOXING = YES;
				GCC_C_LANGUAGE_STANDARD = gnu17;
				GCC_NO_COMMON_BLOCKS = YES;
				GCC_WARN_64_TO_32_BIT_CONVERSION = YES;
				GCC_WARN_ABOUT_RETURN_TYPE = YES_ERROR;
				GCC_WARN_UNDECLARED_SELECTOR = YES;
				GCC_WARN_UNINITIALIZED_AUTOS = YES_AGGRESSIVE;
				GCC_WARN_UNUSED_FUNCTION = YES;
				GCC_WARN_UNUSED_VARIABLE = YES;
				IPHONEOS_DEPLOYMENT_TARGET = 17.4;
				LOCALIZATION_PREFERS_STRING_CATALOGS = YES;
				MTL_ENABLE_DEBUG_INFO = NO;
				MTL_FAST_MATH = YES;
				SDKROOT = iphoneos;
				SWIFT_COMPILATION_MODE = wholemodule;
				VALIDATE_PRODUCT = YES;
			};
			name = Release;
		};
		6BAE41DC2BC91B710027C1DB /* Debug */ = {
			isa = XCBuildConfiguration;
			buildSettings = {
				ASSETCATALOG_COMPILER_APPICON_NAME = AppIcon;
				ASSETCATALOG_COMPILER_GLOBAL_ACCENT_COLOR_NAME = AccentColor;
				CODE_SIGN_STYLE = Automatic;
				CURRENT_PROJECT_VERSION = 1;
				DEVELOPMENT_ASSET_PATHS = "\"Rapha/Preview Content\"";
				DEVELOPMENT_TEAM = LLTXZL34C3;
				ENABLE_PREVIEWS = YES;
				GENERATE_INFOPLIST_FILE = YES;
				INFOPLIST_KEY_UIApplicationSceneManifest_Generation = YES;
				INFOPLIST_KEY_UIApplicationSupportsIndirectInputEvents = YES;
				INFOPLIST_KEY_UILaunchScreen_Generation = YES;
				INFOPLIST_KEY_UISupportedInterfaceOrientations_iPad = "UIInterfaceOrientationPortrait UIInterfaceOrientationPortraitUpsideDown UIInterfaceOrientationLandscapeLeft UIInterfaceOrientationLandscapeRight";
				INFOPLIST_KEY_UISupportedInterfaceOrientations_iPhone = "UIInterfaceOrientationPortrait UIInterfaceOrientationLandscapeLeft UIInterfaceOrientationLandscapeRight";
				LD_RUNPATH_SEARCH_PATHS = (
					"$(inherited)",
					"@executable_path/Frameworks",
				);
				MARKETING_VERSION = 1.0;
				PRODUCT_BUNDLE_IDENTIFIER = com.miaHyun.Rapha;
				PRODUCT_NAME = "$(TARGET_NAME)";
				SWIFT_EMIT_LOC_STRINGS = YES;
				SWIFT_VERSION = 5.0;
				TARGETED_DEVICE_FAMILY = "1,2";
			};
			name = Debug;
		};
		6BAE41DD2BC91B710027C1DB /* Release */ = {
			isa = XCBuildConfiguration;
			buildSettings = {
				ASSETCATALOG_COMPILER_APPICON_NAME = AppIcon;
				ASSETCATALOG_COMPILER_GLOBAL_ACCENT_COLOR_NAME = AccentColor;
				CODE_SIGN_STYLE = Automatic;
				CURRENT_PROJECT_VERSION = 1;
				DEVELOPMENT_ASSET_PATHS = "\"Rapha/Preview Content\"";
				DEVELOPMENT_TEAM = LLTXZL34C3;
				ENABLE_PREVIEWS = YES;
				GENERATE_INFOPLIST_FILE = YES;
				INFOPLIST_KEY_UIApplicationSceneManifest_Generation = YES;
				INFOPLIST_KEY_UIApplicationSupportsIndirectInputEvents = YES;
				INFOPLIST_KEY_UILaunchScreen_Generation = YES;
				INFOPLIST_KEY_UISupportedInterfaceOrientations_iPad = "UIInterfaceOrientationPortrait UIInterfaceOrientationPortraitUpsideDown UIInterfaceOrientationLandscapeLeft UIInterfaceOrientationLandscapeRight";
				INFOPLIST_KEY_UISupportedInterfaceOrientations_iPhone = "UIInterfaceOrientationPortrait UIInterfaceOrientationLandscapeLeft UIInterfaceOrientationLandscapeRight";
				LD_RUNPATH_SEARCH_PATHS = (
					"$(inherited)",
					"@executable_path/Frameworks",
				);
				MARKETING_VERSION = 1.0;
				PRODUCT_BUNDLE_IDENTIFIER = com.miaHyun.Rapha;
				PRODUCT_NAME = "$(TARGET_NAME)";
				SWIFT_EMIT_LOC_STRINGS = YES;
				SWIFT_VERSION = 5.0;
				TARGETED_DEVICE_FAMILY = "1,2";
			};
			name = Release;
		};
		6BAE41DF2BC91B710027C1DB /* Debug */ = {
			isa = XCBuildConfiguration;
			buildSettings = {
				ALWAYS_EMBED_SWIFT_STANDARD_LIBRARIES = YES;
				BUNDLE_LOADER = "$(TEST_HOST)";
				CODE_SIGN_STYLE = Automatic;
				CURRENT_PROJECT_VERSION = 1;
				DEVELOPMENT_TEAM = LLTXZL34C3;
				GENERATE_INFOPLIST_FILE = YES;
				IPHONEOS_DEPLOYMENT_TARGET = 17.4;
				MARKETING_VERSION = 1.0;
				PRODUCT_BUNDLE_IDENTIFIER = com.miaHyun.RaphaTests;
				PRODUCT_NAME = "$(TARGET_NAME)";
				SWIFT_EMIT_LOC_STRINGS = NO;
				SWIFT_VERSION = 5.0;
				TARGETED_DEVICE_FAMILY = "1,2";
				TEST_HOST = "$(BUILT_PRODUCTS_DIR)/Rapha.app/$(BUNDLE_EXECUTABLE_FOLDER_PATH)/Rapha";
			};
			name = Debug;
		};
		6BAE41E02BC91B710027C1DB /* Release */ = {
			isa = XCBuildConfiguration;
			buildSettings = {
				ALWAYS_EMBED_SWIFT_STANDARD_LIBRARIES = YES;
				BUNDLE_LOADER = "$(TEST_HOST)";
				CODE_SIGN_STYLE = Automatic;
				CURRENT_PROJECT_VERSION = 1;
				DEVELOPMENT_TEAM = LLTXZL34C3;
				GENERATE_INFOPLIST_FILE = YES;
				IPHONEOS_DEPLOYMENT_TARGET = 17.4;
				MARKETING_VERSION = 1.0;
				PRODUCT_BUNDLE_IDENTIFIER = com.miaHyun.RaphaTests;
				PRODUCT_NAME = "$(TARGET_NAME)";
				SWIFT_EMIT_LOC_STRINGS = NO;
				SWIFT_VERSION = 5.0;
				TARGETED_DEVICE_FAMILY = "1,2";
				TEST_HOST = "$(BUILT_PRODUCTS_DIR)/Rapha.app/$(BUNDLE_EXECUTABLE_FOLDER_PATH)/Rapha";
			};
			name = Release;
		};
		6BAE41E22BC91B710027C1DB /* Debug */ = {
			isa = XCBuildConfiguration;
			buildSettings = {
				ALWAYS_EMBED_SWIFT_STANDARD_LIBRARIES = YES;
				CODE_SIGN_STYLE = Automatic;
				CURRENT_PROJECT_VERSION = 1;
				DEVELOPMENT_TEAM = LLTXZL34C3;
				GENERATE_INFOPLIST_FILE = YES;
				MARKETING_VERSION = 1.0;
				PRODUCT_BUNDLE_IDENTIFIER = com.miaHyun.RaphaUITests;
				PRODUCT_NAME = "$(TARGET_NAME)";
				SWIFT_EMIT_LOC_STRINGS = NO;
				SWIFT_VERSION = 5.0;
				TARGETED_DEVICE_FAMILY = "1,2";
				TEST_TARGET_NAME = Rapha;
			};
			name = Debug;
		};
		6BAE41E32BC91B710027C1DB /* Release */ = {
			isa = XCBuildConfiguration;
			buildSettings = {
				ALWAYS_EMBED_SWIFT_STANDARD_LIBRARIES = YES;
				CODE_SIGN_STYLE = Automatic;
				CURRENT_PROJECT_VERSION = 1;
				DEVELOPMENT_TEAM = LLTXZL34C3;
				GENERATE_INFOPLIST_FILE = YES;
				MARKETING_VERSION = 1.0;
				PRODUCT_BUNDLE_IDENTIFIER = com.miaHyun.RaphaUITests;
				PRODUCT_NAME = "$(TARGET_NAME)";
				SWIFT_EMIT_LOC_STRINGS = NO;
				SWIFT_VERSION = 5.0;
				TARGETED_DEVICE_FAMILY = "1,2";
				TEST_TARGET_NAME = Rapha;
			};
			name = Release;
		};
/* End XCBuildConfiguration section */

/* Begin XCConfigurationList section */
		6BAE41B02BC91B6F0027C1DB /* Build configuration list for PBXProject "Rapha" */ = {
			isa = XCConfigurationList;
			buildConfigurations = (
				6BAE41D92BC91B710027C1DB /* Debug */,
				6BAE41DA2BC91B710027C1DB /* Release */,
			);
			defaultConfigurationIsVisible = 0;
			defaultConfigurationName = Release;
		};
		6BAE41DB2BC91B710027C1DB /* Build configuration list for PBXNativeTarget "Rapha" */ = {
			isa = XCConfigurationList;
			buildConfigurations = (
				6BAE41DC2BC91B710027C1DB /* Debug */,
				6BAE41DD2BC91B710027C1DB /* Release */,
			);
			defaultConfigurationIsVisible = 0;
			defaultConfigurationName = Release;
		};
		6BAE41DE2BC91B710027C1DB /* Build configuration list for PBXNativeTarget "RaphaTests" */ = {
			isa = XCConfigurationList;
			buildConfigurations = (
				6BAE41DF2BC91B710027C1DB /* Debug */,
				6BAE41E02BC91B710027C1DB /* Release */,
			);
			defaultConfigurationIsVisible = 0;
			defaultConfigurationName = Release;
		};
		6BAE41E12BC91B710027C1DB /* Build configuration list for PBXNativeTarget "RaphaUITests" */ = {
			isa = XCConfigurationList;
			buildConfigurations = (
				6BAE41E22BC91B710027C1DB /* Debug */,
				6BAE41E32BC91B710027C1DB /* Release */,
			);
			defaultConfigurationIsVisible = 0;
			defaultConfigurationName = Release;
		};
/* End XCConfigurationList section */
	};
	rootObject = 6BAE41AD2BC91B6F0027C1DB /* Project object */;
}
